<Solution>
  <Folder Name="/samples/">
    <Project Path="samples/HelloMod/HelloMod.csproj" />
    <Project Path="samples/FunPanel/FunPanel.csproj" />
    <Project Path="samples/PropHunt/PropHunt.csproj" />
  </Folder>
  <Folder Name="/src/">
    <Project Path="src/ASL.API/ASL.API.csproj" />
    <Project Path="src/ASL/ASL.csproj" />
  </Folder>
</Solution>
